// !$*UTF8*$!
{
	archiveVersion = 1;
	classes = {
	};
	objectVersion = 77;
	objects = {

/* Begin PBXBuildFile section */
		6B400A802E174A6E00505989 /* MenuBarExtraAccess in Frameworks */ = {isa = PBXBuildFile; productRef = 6B400A7F2E174A6E00505989 /* MenuBarExtraAccess */; };
		6BA6A6552E1F355900CAA99B /* HotKey in Frameworks */ = {isa = PBXBuildFile; productRef = 6BA6A6542E1F355900CAA99B /* HotKey */; };
/* End PBXBuildFile section */

/* Begin PBXContainerItemProxy section */
		6B400A622E1749FC00505989 /* PBXContainerItemProxy */ = {
			isa = PBXContainerItemProxy;
			containerPortal = 6B400A4B2E1749FB00505989 /* Project object */;
			proxyType = 1;
			remoteGlobalIDString = 6B400A522E1749FB00505989;
			remoteInfo = QuickShelf;
		};
		6B400A6C2E1749FC00505989 /* PBXContainerItemProxy */ = {
			isa = PBXContainerItemProxy;
			containerPortal = 6B400A4B2E1749FB00505989 /* Project object */;
			proxyType = 1;
			remoteGlobalIDString = 6B400A522E1749FB00505989;
			remoteInfo = QuickShelf;
		};
/* End PBXContainerItemProxy section */

/* Begin PBXFileReference section */
		6B400A532E1749FB00505989 /* QuickShelf.app */ = {isa = PBXFileReference; explicitFileType = wrapper.application; includeInIndex = 0; path = QuickShelf.app; sourceTree = BUILT_PRODUCTS_DIR; };
		6B400A612E1749FC00505989 /* QuickShelfTests.xctest */ = {isa = PBXFileReference; explicitFileType = wrapper.cfbundle; includeInIndex = 0; path = QuickShelfTests.xctest; sourceTree = BUILT_PRODUCTS_DIR; };
		6B400A6B2E1749FC00505989 /* QuickShelfUITests.xctest */ = {isa = PBXFileReference; explicitFileType = wrapper.cfbundle; includeInIndex = 0; path = QuickShelfUITests.xctest; sourceTree = BUILT_PRODUCTS_DIR; };
/* End PBXFileReference section */

/* Begin PBXFileSystemSynchronizedRootGroup section */
		6B400A552E1749FB00505989 /* QuickShelf */ = {
			isa = PBXFileSystemSynchronizedRootGroup;
			path = QuickShelf;
			sourceTree = "<group>";
		};
		6B400A642E1749FC00505989 /* QuickShelfTests */ = {
			isa = PBXFileSystemSynchronizedRootGroup;
			path = QuickShelfTests;
			sourceTree = "<group>";
		};
		6B400A6E2E1749FC00505989 /* QuickShelfUITests */ = {
			isa = PBXFileSystemSynchronizedRootGroup;
			path = QuickShelfUITests;
			sourceTree = "<group>";
		};
/* End PBXFileSystemSynchronizedRootGroup section */

/* Begin PBXFrameworksBuildPhase section */
		6B400A502E1749FB00505989 /* Frameworks */ = {
			isa = PBXFrameworksBuildPhase;
			buildActionMask = 2147483647;
			files = (
				6BA6A6552E1F355900CAA99B /* HotKey in Frameworks */,
				6B400A802E174A6E00505989 /* MenuBarExtraAccess in Frameworks */,
			);
			runOnlyForDeploymentPostprocessing = 0;
		};
		6B400A5E2E1749FC00505989 /* Frameworks */ = {
			isa = PBXFrameworksBuildPhase;
			buildActionMask = 2147483647;
			files = (
			);
			runOnlyForDeploymentPostprocessing = 0;
		};
		6B400A682E1749FC00505989 /* Frameworks */ = {
			isa = PBXFrameworksBuildPhase;
			buildActionMask = 2147483647;
			files = (
			);
			runOnlyForDeploymentPostprocessing = 0;
		};
/* End PBXFrameworksBuildPhase section */

/* Begin PBXGroup section */
		6B400A4A2E1749FB00505989 = {
			isa = PBXGroup;
			children = (
				6B400A552E1749FB00505989 /* QuickShelf */,
				6B400A642E1749FC00505989 /* QuickShelfTests */,
				6B400A6E2E1749FC00505989 /* QuickShelfUITests */,
				6B400A542E1749FB00505989 /* Products */,
			);
			sourceTree = "<group>";
		};
		6B400A542E1749FB00505989 /* Products */ = {
			isa = PBXGroup;
			children = (
				6B400A532E1749FB00505989 /* QuickShelf.app */,
				6B400A612E1749FC00505989 /* QuickShelfTests.xctest */,
				6B400A6B2E1749FC00505989 /* QuickShelfUITests.xctest */,
			);
			name = Products;
			sourceTree = "<group>";
		};
/* End PBXGroup section */

/* Begin PBXNativeTarget section */
		6B400A522E1749FB00505989 /* QuickShelf */ = {
			isa = PBXNativeTarget;
			buildConfigurationList = 6B400A752E1749FC00505989 /* Build configuration list for PBXNativeTarget "QuickShelf" */;
			buildPhases = (
				6B400A4F2E1749FB00505989 /* Sources */,
				6B400A502E1749FB00505989 /* Frameworks */,
				6B400A512E1749FB00505989 /* Resources */,
			);
			buildRules = (
			);
			dependencies = (
			);
			fileSystemSynchronizedGroups = (
				6B400A552E1749FB00505989 /* QuickShelf */,
			);
			name = QuickShelf;
			packageProductDependencies = (
				6B400A7F2E174A6E00505989 /* MenuBarExtraAccess */,
				6BA6A6542E1F355900CAA99B /* HotKey */,
			);
			productName = QuickShelf;
			productReference = 6B400A532E1749FB00505989 /* QuickShelf.app */;
			productType = "com.apple.product-type.application";
		};
		6B400A602E1749FC00505989 /* QuickShelfTests */ = {
			isa = PBXNativeTarget;
			buildConfigurationList = 6B400A782E1749FC00505989 /* Build configuration list for PBXNativeTarget "QuickShelfTests" */;
			buildPhases = (
				6B400A5D2E1749FC00505989 /* Sources */,
				6B400A5E2E1749FC00505989 /* Frameworks */,
				6B400A5F2E1749FC00505989 /* Resources */,
			);
			buildRules = (
			);
			dependencies = (
				6B400A632E1749FC00505989 /* PBXTargetDependency */,
			);
			fileSystemSynchronizedGroups = (
				6B400A642E1749FC00505989 /* QuickShelfTests */,
			);
			name = QuickShelfTests;
			packageProductDependencies = (
			);
			productName = QuickShelfTests;
			productReference = 6B400A612E1749FC00505989 /* QuickShelfTests.xctest */;
			productType = "com.apple.product-type.bundle.unit-test";
		};
		6B400A6A2E1749FC00505989 /* QuickShelfUITests */ = {
			isa = PBXNativeTarget;
			buildConfigurationList = 6B400A7B2E1749FC00505989 /* Build configuration list for PBXNativeTarget "QuickShelfUITests" */;
			buildPhases = (
				6B400A672E1749FC00505989 /* Sources */,
				6B400A682E1749FC00505989 /* Frameworks */,
				6B400A692E1749FC00505989 /* Resources */,
			);
			buildRules = (
			);
			dependencies = (
				6B400A6D2E1749FC00505989 /* PBXTargetDependency */,
			);
			fileSystemSynchronizedGroups = (
				6B400A6E2E1749FC00505989 /* QuickShelfUITests */,
			);
			name = QuickShelfUITests;
			packageProductDependencies = (
			);
			productName = QuickShelfUITests;
			productReference = 6B400A6B2E1749FC00505989 /* QuickShelfUITests.xctest */;
			productType = "com.apple.product-type.bundle.ui-testing";
		};
/* End PBXNativeTarget section */

/* Begin PBXProject section */
		6B400A4B2E1749FB00505989 /* Project object */ = {
			isa = PBXProject;
			attributes = {
				BuildIndependentTargetsInParallel = 1;
				LastSwiftUpdateCheck = 1640;
				LastUpgradeCheck = 1640;
				TargetAttributes = {
					6B400A522E1749FB00505989 = {
						CreatedOnToolsVersion = 16.4;
					};
					6B400A602E1749FC00505989 = {
						CreatedOnToolsVersion = 16.4;
						TestTargetID = 6B400A522E1749FB00505989;
					};
					6B400A6A2E1749FC00505989 = {
						CreatedOnToolsVersion = 16.4;
						TestTargetID = 6B400A522E1749FB00505989;
					};
				};
			};
			buildConfigurationList = 6B400A4E2E1749FB00505989 /* Build configuration list for PBXProject "QuickShelf" */;
			developmentRegion = en;
			hasScannedForEncodings = 0;
			knownRegions = (
				en,
				Base,
			);
			mainGroup = 6B400A4A2E1749FB00505989;
			minimizedProjectReferenceProxies = 1;
			packageReferences = (
				6B400A7E2E174A6E00505989 /* XCRemoteSwiftPackageReference "MenuBarExtraAccess" */,
				6BA6A6532E1F355900CAA99B /* XCRemoteSwiftPackageReference "HotKey" */,
			);
			preferredProjectObjectVersion = 77;
			productRefGroup = 6B400A542E1749FB00505989 /* Products */;
			projectDirPath = "";
			projectRoot = "";
			targets = (
				6B400A522E1749FB00505989 /* QuickShelf */,
				6B400A602E1749FC00505989 /* QuickShelfTests */,
				6B400A6A2E1749FC00505989 /* QuickShelfUITests */,
			);
		};
/* End PBXProject section */

/* Begin PBXResourcesBuildPhase section */
		6B400A512E1749FB00505989 /* Resources */ = {
			isa = PBXResourcesBuildPhase;
			buildActionMask = 2147483647;
			files = (
			);
			runOnlyForDeploymentPostprocessing = 0;
		};
		6B400A5F2E1749FC00505989 /* Resources */ = {
			isa = PBXResourcesBuildPhase;
			buildActionMask = 2147483647;
			files = (
			);
			runOnlyForDeploymentPostprocessing = 0;
		};
		6B400A692E1749FC00505989 /* Resources */ = {
			isa = PBXResourcesBuildPhase;
			buildActionMask = 2147483647;
			files = (
			);
			runOnlyForDeploymentPostprocessing = 0;
		};
/* End PBXResourcesBuildPhase section */

/* Begin PBXSourcesBuildPhase section */
		6B400A4F2E1749FB00505989 /* Sources */ = {
			isa = PBXSourcesBuildPhase;
			buildActionMask = 2147483647;
			files = (
			);
			runOnlyForDeploymentPostprocessing = 0;
		};
		6B400A5D2E1749FC00505989 /* Sources */ = {
			isa = PBXSourcesBuildPhase;
			buildActionMask = 2147483647;
			files = (
			);
			runOnlyForDeploymentPostprocessing = 0;
		};
		6B400A672E1749FC00505989 /* Sources */ = {
			isa = PBXSourcesBuildPhase;
			buildActionMask = 2147483647;
			files = (
			);
			runOnlyForDeploymentPostprocessing = 0;
		};
/* End PBXSourcesBuildPhase section */

/* Begin PBXTargetDependency section */
		6B400A632E1749FC00505989 /* PBXTargetDependency */ = {
			isa = PBXTargetDependency;
			target = 6B400A522E1749FB00505989 /* QuickShelf */;
			targetProxy = 6B400A622E1749FC00505989 /* PBXContainerItemProxy */;
		};
		6B400A6D2E1749FC00505989 /* PBXTargetDependency */ = {
			isa = PBXTargetDependency;
			target = 6B400A522E1749FB00505989 /* QuickShelf */;
			targetProxy = 6B400A6C2E1749FC00505989 /* PBXContainerItemProxy */;
		};
/* End PBXTargetDependency section */

/* Begin XCBuildConfiguration section */
		6B400A732E1749FC00505989 /* Debug */ = {
			isa = XCBuildConfiguration;
			buildSettings = {
				ALWAYS_SEARCH_USER_PATHS = NO;
				ASSETCATALOG_COMPILER_GENERATE_SWIFT_ASSET_SYMBOL_EXTENSIONS = YES;
				CLANG_ANALYZER_NONNULL = YES;
				CLANG_ANALYZER_NUMBER_OBJECT_CONVERSION = YES_AGGRESSIVE;
				CLANG_CXX_LANGUAGE_STANDARD = "gnu++20";
				CLANG_ENABLE_MODULES = YES;
				CLANG_ENABLE_OBJC_ARC = YES;
				CLANG_ENABLE_OBJC_WEAK = YES;
				CLANG_WARN_BLOCK_CAPTURE_AUTORELEASING = YES;
				CLANG_WARN_BOOL_CONVERSION = YES;
				CLANG_WARN_COMMA = YES;
				CLANG_WARN_CONSTANT_CONVERSION = YES;
				CLANG_WARN_DEPRECATED_OBJC_IMPLEMENTATIONS = YES;
				CLANG_WARN_DIRECT_OBJC_ISA_USAGE = YES_ERROR;
				CLANG_WARN_DOCUMENTATION_COMMENTS = YES;
				CLANG_WARN_EMPTY_BODY = YES;
				CLANG_WARN_ENUM_CONVERSION = YES;
				CLANG_WARN_INFINITE_RECURSION = YES;
				CLANG_WARN_INT_CONVERSION = YES;
				CLANG_WARN_NON_LITERAL_NULL_CONVERSION = YES;
				CLANG_WARN_OBJC_IMPLICIT_RETAIN_SELF = YES;
				CLANG_WARN_OBJC_LITERAL_CONVERSION = YES;
				CLANG_WARN_OBJC_ROOT_CLASS = YES_ERROR;
				CLANG_WARN_QUOTED_INCLUDE_IN_FRAMEWORK_HEADER = YES;
				CLANG_WARN_RANGE_LOOP_ANALYSIS = YES;
				CLANG_WARN_STRICT_PROTOTYPES = YES;
				CLANG_WARN_SUSPICIOUS_MOVE = YES;
				CLANG_WARN_UNGUARDED_AVAILABILITY = YES_AGGRESSIVE;
				CLANG_WARN_UNREACHABLE_CODE = YES;
				CLANG_WARN__DUPLICATE_METHOD_MATCH = YES;
				COPY_PHASE_STRIP = NO;
				DEBUG_INFORMATION_FORMAT = dwarf;
				ENABLE_STRICT_OBJC_MSGSEND = YES;
				ENABLE_TESTABILITY = YES;
				ENABLE_USER_SCRIPT_SANDBOXING = YES;
				GCC_C_LANGUAGE_STANDARD = gnu17;
				GCC_DYNAMIC_NO_PIC = NO;
				GCC_NO_COMMON_BLOCKS = YES;
				GCC_OPTIMIZATION_LEVEL = 0;
				GCC_PREPROCESSOR_DEFINITIONS = (
					"DEBUG=1",
					"$(inherited)",
				);
				GCC_WARN_64_TO_32_BIT_CONVERSION = YES;
				GCC_WARN_ABOUT_RETURN_TYPE = YES_ERROR;
				GCC_WARN_UNDECLARED_SELECTOR = YES;
				GCC_WARN_UNINITIALIZED_AUTOS = YES_AGGRESSIVE;
				GCC_WARN_UNUSED_FUNCTION = YES;
				GCC_WARN_UNUSED_VARIABLE = YES;
				LOCALIZATION_PREFERS_STRING_CATALOGS = YES;
				MACOSX_DEPLOYMENT_TARGET = 15.5;
				MTL_ENABLE_DEBUG_INFO = INCLUDE_SOURCE;
				MTL_FAST_MATH = YES;
				ONLY_ACTIVE_ARCH = YES;
				SDKROOT = macosx;
				SWIFT_ACTIVE_COMPILATION_CONDITIONS = "DEBUG $(inherited)";
				SWIFT_OPTIMIZATION_LEVEL = "-Onone";
			};
			name = Debug;
		};
		6B400A742E1749FC00505989 /* Release */ = {
			isa = XCBuildConfiguration;
			buildSettings = {
				ALWAYS_SEARCH_USER_PATHS = NO;
				ASSETCATALOG_COMPILER_GENERATE_SWIFT_ASSET_SYMBOL_EXTENSIONS = YES;
				CLANG_ANALYZER_NONNULL = YES;
				CLANG_ANALYZER_NUMBER_OBJECT_CONVERSION = YES_AGGRESSIVE;
				CLANG_CXX_LANGUAGE_STANDARD = "gnu++20";
				CLANG_ENABLE_MODULES = YES;
				CLANG_ENABLE_OBJC_ARC = YES;
				CLANG_ENABLE_OBJC_WEAK = YES;
				CLANG_WARN_BLOCK_CAPTURE_AUTORELEASING = YES;
				CLANG_WARN_BOOL_CONVERSION = YES;
				CLANG_WARN_COMMA = YES;
				CLANG_WARN_CONSTANT_CONVERSION = YES;
				CLANG_WARN_DEPRECATED_OBJC_IMPLEMENTATIONS = YES;
				CLANG_WARN_DIRECT_OBJC_ISA_USAGE = YES_ERROR;
				CLANG_WARN_DOCUMENTATION_COMMENTS = YES;
				CLANG_WARN_EMPTY_BODY = YES;
				CLANG_WARN_ENUM_CONVERSION = YES;
				CLANG_WARN_INFINITE_RECURSION = YES;
				CLANG_WARN_INT_CONVERSION = YES;
				CLANG_WARN_NON_LITERAL_NULL_CONVERSION = YES;
				CLANG_WARN_OBJC_IMPLICIT_RETAIN_SELF = YES;
				CLANG_WARN_OBJC_LITERAL_CONVERSION = YES;
				CLANG_WARN_OBJC_ROOT_CLASS = YES_ERROR;
				CLANG_WARN_QUOTED_INCLUDE_IN_FRAMEWORK_HEADER = YES;
				CLANG_WARN_RANGE_LOOP_ANALYSIS = YES;
				CLANG_WARN_STRICT_PROTOTYPES = YES;
				CLANG_WARN_SUSPICIOUS_MOVE = YES;
				CLANG_WARN_UNGUARDED_AVAILABILITY = YES_AGGRESSIVE;
				CLANG_WARN_UNREACHABLE_CODE = YES;
				CLANG_WARN__DUPLICATE_METHOD_MATCH = YES;
				COPY_PHASE_STRIP = NO;
				DEBUG_INFORMATION_FORMAT = "dwarf-with-dsym";
				ENABLE_NS_ASSERTIONS = NO;
				ENABLE_STRICT_OBJC_MSGSEND = YES;
				ENABLE_USER_SCRIPT_SANDBOXING = YES;
				GCC_C_LANGUAGE_STANDARD = gnu17;
				GCC_NO_COMMON_BLOCKS = YES;
				GCC_WARN_64_TO_32_BIT_CONVERSION = YES;
				GCC_WARN_ABOUT_RETURN_TYPE = YES_ERROR;
				GCC_WARN_UNDECLARED_SELECTOR = YES;
				GCC_WARN_UNINITIALIZED_AUTOS = YES_AGGRESSIVE;
				GCC_WARN_UNUSED_FUNCTION = YES;
				GCC_WARN_UNUSED_VARIABLE = YES;
				LOCALIZATION_PREFERS_STRING_CATALOGS = YES;
				MACOSX_DEPLOYMENT_TARGET = 15.5;
				MTL_ENABLE_DEBUG_INFO = NO;
				MTL_FAST_MATH = YES;
				SDKROOT = macosx;
				SWIFT_COMPILATION_MODE = wholemodule;
			};
			name = Release;
		};
		6B400A762E1749FC00505989 /* Debug */ = {
			isa = XCBuildConfiguration;
			buildSettings = {
				ASSETCATALOG_COMPILER_APPICON_NAME = AppIcon;
				ASSETCATALOG_COMPILER_GLOBAL_ACCENT_COLOR_NAME = AccentColor;
				CODE_SIGN_ENTITLEMENTS = QuickShelf/QuickShelf.entitlements;
				CODE_SIGN_STYLE = Manual;
				COMBINE_HIDPI_IMAGES = YES;
				CURRENT_PROJECT_VERSION = 1;
				DEVELOPMENT_TEAM = "";
				ENABLE_PREVIEWS = YES;
				GENERATE_INFOPLIST_FILE = YES;
				INFOPLIST_KEY_LSUIElement = YES;
				INFOPLIST_KEY_NSHumanReadableCopyright = "";
				LD_RUNPATH_SEARCH_PATHS = (
					"$(inherited)",
					"@executable_path/../Frameworks",
				);
				MACOSX_DEPLOYMENT_TARGET = 14.6;
				MARKETING_VERSION = 0.0.5;
				PRODUCT_BUNDLE_IDENTIFIER = com.slowlab.QuickShelf;
				PRODUCT_NAME = "$(TARGET_NAME)";
				PROVISIONING_PROFILE_SPECIFIER = "";
				REGISTER_APP_GROUPS = YES;
				SWIFT_EMIT_LOC_STRINGS = YES;
				SWIFT_VERSION = 5.0;
			};
			name = Debug;
		};
		6B400A772E1749FC00505989 /* Release */ = {
			isa = XCBuildConfiguration;
			buildSettings = {
				ASSETCATALOG_COMPILER_APPICON_NAME = AppIcon;
				ASSETCATALOG_COMPILER_GLOBAL_ACCENT_COLOR_NAME = AccentColor;
				CODE_SIGN_ENTITLEMENTS = QuickShelf/QuickShelf.entitlements;
				CODE_SIGN_STYLE = Manual;
				COMBINE_HIDPI_IMAGES = YES;
				CURRENT_PROJECT_VERSION = 1;
				DEVELOPMENT_TEAM = "";
				ENABLE_PREVIEWS = YES;
				GENERATE_INFOPLIST_FILE = YES;
				INFOPLIST_KEY_LSUIElement = YES;
				INFOPLIST_KEY_NSHumanReadableCopyright = "";
				LD_RUNPATH_SEARCH_PATHS = (
					"$(inherited)",
					"@executable_path/../Frameworks",
				);
				MACOSX_DEPLOYMENT_TARGET = 14.6;
				MARKETING_VERSION = 0.0.5;
				PRODUCT_BUNDLE_IDENTIFIER = com.slowlab.QuickShelf;
				PRODUCT_NAME = "$(TARGET_NAME)";
				PROVISIONING_PROFILE_SPECIFIER = "";
				REGISTER_APP_GROUPS = YES;
				SWIFT_EMIT_LOC_STRINGS = YES;
				SWIFT_VERSION = 5.0;
			};
			name = Release;
		};
		6B400A792E1749FC00505989 /* Debug */ = {
			isa = XCBuildConfiguration;
			buildSettings = {
				BUNDLE_LOADER = "$(TEST_HOST)";
				CODE_SIGN_STYLE = Automatic;
				CURRENT_PROJECT_VERSION = 1;
				GENERATE_INFOPLIST_FILE = YES;
				MACOSX_DEPLOYMENT_TARGET = 15.5;
				MARKETING_VERSION = 1.0;
				PRODUCT_BUNDLE_IDENTIFIER = com.slowlab.QuickShelfTests;
				PRODUCT_NAME = "$(TARGET_NAME)";
				SWIFT_EMIT_LOC_STRINGS = NO;
				SWIFT_VERSION = 5.0;
				TEST_HOST = "$(BUILT_PRODUCTS_DIR)/QuickShelf.app/$(BUNDLE_EXECUTABLE_FOLDER_PATH)/QuickShelf";
			};
			name = Debug;
		};
		6B400A7A2E1749FC00505989 /* Release */ = {
			isa = XCBuildConfiguration;
			buildSettings = {
				BUNDLE_LOADER = "$(TEST_HOST)";
				CODE_SIGN_STYLE = Automatic;
				CURRENT_PROJECT_VERSION = 1;
				GENERATE_INFOPLIST_FILE = YES;
				MACOSX_DEPLOYMENT_TARGET = 15.5;
				MARKETING_VERSION = 1.0;
				PRODUCT_BUNDLE_IDENTIFIER = com.slowlab.QuickShelfTests;
				PRODUCT_NAME = "$(TARGET_NAME)";
				SWIFT_EMIT_LOC_STRINGS = NO;
				SWIFT_VERSION = 5.0;
				TEST_HOST = "$(BUILT_PRODUCTS_DIR)/QuickShelf.app/$(BUNDLE_EXECUTABLE_FOLDER_PATH)/QuickShelf";
			};
			name = Release;
		};
		6B400A7C2E1749FC00505989 /* Debug */ = {
			isa = XCBuildConfiguration;
			buildSettings = {
				CODE_SIGN_STYLE = Automatic;
				CURRENT_PROJECT_VERSION = 1;
				GENERATE_INFOPLIST_FILE = YES;
				MARKETING_VERSION = 1.0;
				PRODUCT_BUNDLE_IDENTIFIER = com.slowlab.QuickShelfUITests;
				PRODUCT_NAME = "$(TARGET_NAME)";
				SWIFT_EMIT_LOC_STRINGS = NO;
				SWIFT_VERSION = 5.0;
				TEST_TARGET_NAME = QuickShelf;
			};
			name = Debug;
		};
		6B400A7D2E1749FC00505989 /* Release */ = {
			isa = XCBuildConfiguration;
			buildSettings = {
				CODE_SIGN_STYLE = Automatic;
				CURRENT_PROJECT_VERSION = 1;
				GENERATE_INFOPLIST_FILE = YES;
				MARKETING_VERSION = 1.0;
				PRODUCT_BUNDLE_IDENTIFIER = com.slowlab.QuickShelfUITests;
				PRODUCT_NAME = "$(TARGET_NAME)";
				SWIFT_EMIT_LOC_STRINGS = NO;
				SWIFT_VERSION = 5.0;
				TEST_TARGET_NAME = QuickShelf;
			};
			name = Release;
		};
/* End XCBuildConfiguration section */

/* Begin XCConfigurationList section */
		6B400A4E2E1749FB00505989 /* Build configuration list for PBXProject "QuickShelf" */ = {
			isa = XCConfigurationList;
			buildConfigurations = (
				6B400A732E1749FC00505989 /* Debug */,
				6B400A742E1749FC00505989 /* Release */,
			);
			defaultConfigurationIsVisible = 0;
			defaultConfigurationName = Release;
		};
		6B400A752E1749FC00505989 /* Build configuration list for PBXNativeTarget "QuickShelf" */ = {
			isa = XCConfigurationList;
			buildConfigurations = (
				6B400A762E1749FC00505989 /* Debug */,
				6B400A772E1749FC00505989 /* Release */,
			);
			defaultConfigurationIsVisible = 0;
			defaultConfigurationName = Release;
		};
		6B400A782E1749FC00505989 /* Build configuration list for PBXNativeTarget "QuickShelfTests" */ = {
			isa = XCConfigurationList;
			buildConfigurations = (
				6B400A792E1749FC00505989 /* Debug */,
				6B400A7A2E1749FC00505989 /* Release */,
			);
			defaultConfigurationIsVisible = 0;
			defaultConfigurationName = Release;
		};
		6B400A7B2E1749FC00505989 /* Build configuration list for PBXNativeTarget "QuickShelfUITests" */ = {
			isa = XCConfigurationList;
			buildConfigurations = (
				6B400A7C2E1749FC00505989 /* Debug */,
				6B400A7D2E1749FC00505989 /* Release */,
			);
			defaultConfigurationIsVisible = 0;
			defaultConfigurationName = Release;
		};
/* End XCConfigurationList section */

/* Begin XCRemoteSwiftPackageReference section */
		6B400A7E2E174A6E00505989 /* XCRemoteSwiftPackageReference "MenuBarExtraAccess" */ = {
			isa = XCRemoteSwiftPackageReference;
			repositoryURL = "https://github.com/orchetect/MenuBarExtraAccess";
			requirement = {
				kind = upToNextMajorVersion;
				minimumVersion = 1.2.1;
			};
		};
		6BA6A6532E1F355900CAA99B /* XCRemoteSwiftPackageReference "HotKey" */ = {
			isa = XCRemoteSwiftPackageReference;
			repositoryURL = "https://github.com/soffes/HotKey";
			requirement = {
				branch = main;
				kind = branch;
			};
		};
/* End XCRemoteSwiftPackageReference section */

/* Begin XCSwiftPackageProductDependency section */
		6B400A7F2E174A6E00505989 /* MenuBarExtraAccess */ = {
			isa = XCSwiftPackageProductDependency;
			package = 6B400A7E2E174A6E00505989 /* XCRemoteSwiftPackageReference "MenuBarExtraAccess" */;
			productName = MenuBarExtraAccess;
		};
		6BA6A6542E1F355900CAA99B /* HotKey */ = {
			isa = XCSwiftPackageProductDependency;
			package = 6BA6A6532E1F355900CAA99B /* XCRemoteSwiftPackageReference "HotKey" */;
			productName = HotKey;
		};
/* End XCSwiftPackageProductDependency section */
	};
	rootObject = 6B400A4B2E1749FB00505989 /* Project object */;
}
